
Microsoft Visual Studio Solution File, Format Version 12.00
# Visual Studio Version 16
VisualStudioVersion = 16.0.30320.27
MinimumVisualStudioVersion = 10.0.40219.1
Project("{FAE04EC0-301F-11D3-BF4B-00C04F79EFBC}") = "WebSocketSample", "WebSocketSample.csproj", "{3A101C34-5458-4538-8056-B3580D5B2639}"
EndProject
Global
	GlobalSection(SolutionConfigurationPlatforms) = preSolution
		Debug|Any CPU = Debug|Any CPU
		Debug|x64 = Debug|x64
		Release|Any CPU = Release|Any CPU
		Release|x64 = Release|x64
	EndGlobalSection
	GlobalSection(ProjectConfigurationPlatforms) = postSolution
		{3A101C34-5458-4538-8056-B3580D5B2639}.Debug|Any CPU.ActiveCfg = Debug|Any CPU
		{3A101C34-5458-4538-8056-B3580D5B2639}.Debug|Any CPU.Build.0 = Debug|Any CPU
		{3A101C34-5458-4538-8056-B3580D5B2639}.Debug|x64.ActiveCfg = Debug|x64
		{3A101C34-5458-4538-8056-B3580D5B2639}.Debug|x64.Build.0 = Debug|x64
		{3A101C34-5458-4538-8056-B3580D5B2639}.Release|Any CPU.ActiveCfg = Release|Any CPU
		{3A101C34-5458-4538-8056-B3580D5B2639}.Release|Any CPU.Build.0 = Release|Any CPU
		{3A101C34-5458-4538-8056-B3580D5B2639}.Release|x64.ActiveCfg = Release|x64
		{3A101C34-5458-4538-8056-B3580D5B2639}.Release|x64.Build.0 = Release|x64
	EndGlobalSection
	GlobalSection(SolutionProperties) = preSolution
		HideSolutionNode = FALSE
	EndGlobalSection
	GlobalSection(ExtensibilityGlobals) = postSolution
		SolutionGuid = {AAE6B8A9-8866-45D5-9AF2-8A24661E60EB}
	EndGlobalSection
EndGlobal
